
Microsoft Visual Studio Solution File, Format Version 12.00
# Visual Studio Version 16
VisualStudioVersion = 16.0.30717.126
MinimumVisualStudioVersion = 10.0.40219.1
Project("{FAE04EC0-301F-11D3-BF4B-00C04F79EFBC}") = "Final project", "Final project.csproj", "{6E4DB184-3905-4CA1-AC67-24689BA7A92D}"
EndProject
Global
	GlobalSection(SolutionConfigurationPlatforms) = preSolution
		Debug|Any CPU = Debug|Any CPU
		Release|Any CPU = Release|Any CPU
	EndGlobalSection
	GlobalSection(ProjectConfigurationPlatforms) = postSolution
		{6E4DB184-3905-4CA1-AC67-24689BA7A92D}.Debug|Any CPU.ActiveCfg = Debug|Any CPU
		{6E4DB184-3905-4CA1-AC67-24689BA7A92D}.Debug|Any CPU.Build.0 = Debug|Any CPU
		{6E4DB184-3905-4CA1-AC67-24689BA7A92D}.Release|Any CPU.ActiveCfg = Release|Any CPU
		{6E4DB184-3905-4CA1-AC67-24689BA7A92D}.Release|Any CPU.Build.0 = Release|Any CPU
	EndGlobalSection
	GlobalSection(SolutionProperties) = preSolution
		HideSolutionNode = FALSE
	EndGlobalSection
	GlobalSection(ExtensibilityGlobals) = postSolution
		SolutionGuid = {4335D3DF-51FC-404A-890D-BD6CA75A55F2}
	EndGlobalSection
EndGlobal
